// !$*UTF8*$!
{
	archiveVersion = 1;
	classes = {
	};
	objectVersion = 56;
	objects = {

/* Begin PBXBuildFile section */
		2A0366002AEC01B2007915AC /* GameSettingsPresenter.swift in Sources */ = {isa = PBXBuildFile; fileRef = 2A0365FF2AEC01B2007915AC /* GameSettingsPresenter.swift */; };
		2A0366022AEC168B007915AC /* RecordsPresenter.swift in Sources */ = {isa = PBXBuildFile; fileRef = 2A0366012AEC168B007915AC /* RecordsPresenter.swift */; };
		2A0366042AEC1FD2007915AC /* CounterPresenter.swift in Sources */ = {isa = PBXBuildFile; fileRef = 2A0366032AEC1FD2007915AC /* CounterPresenter.swift */; };
		2A0366062AEC260A007915AC /* ControlFactory.swift in Sources */ = {isa = PBXBuildFile; fileRef = 2A0366052AEC260A007915AC /* ControlFactory.swift */; };
		2A03660B2AECDD70007915AC /* CounterOutputDelegate.swift in Sources */ = {isa = PBXBuildFile; fileRef = 2A03660A2AECDD70007915AC /* CounterOutputDelegate.swift */; };
		2A03660D2AECDD9D007915AC /* RecordsOutputDelegate.swift in Sources */ = {isa = PBXBuildFile; fileRef = 2A03660C2AECDD9D007915AC /* RecordsOutputDelegate.swift */; };
		2A03660F2AECDDB2007915AC /* RecordsInputDelegate.swift in Sources */ = {isa = PBXBuildFile; fileRef = 2A03660E2AECDDB2007915AC /* RecordsInputDelegate.swift */; };
		2A0366112AECDDE3007915AC /* GameSettingsOutputDelegate.swift in Sources */ = {isa = PBXBuildFile; fileRef = 2A0366102AECDDE3007915AC /* GameSettingsOutputDelegate.swift */; };
		2A0366132AECDDFD007915AC /* GameSettingsInputDelegate.swift in Sources */ = {isa = PBXBuildFile; fileRef = 2A0366122AECDDFD007915AC /* GameSettingsInputDelegate.swift */; };
		2A9CB5F92AD7C41800F0B3C3 /* ButtonsControlView.swift in Sources */ = {isa = PBXBuildFile; fileRef = 2A9CB5F82AD7C41800F0B3C3 /* ButtonsControlView.swift */; };
		2A9CB5FB2AD7C53300F0B3C3 /* PlayerControlDelegate.swift in Sources */ = {isa = PBXBuildFile; fileRef = 2A9CB5FA2AD7C53300F0B3C3 /* PlayerControlDelegate.swift */; };
		2A9CB5FD2AD7C70D00F0B3C3 /* SwipesControlView.swift in Sources */ = {isa = PBXBuildFile; fileRef = 2A9CB5FC2AD7C70D00F0B3C3 /* SwipesControlView.swift */; };
		2A9CB5FF2AD7C83B00F0B3C3 /* AccelerometerControlView.swift in Sources */ = {isa = PBXBuildFile; fileRef = 2A9CB5FE2AD7C83B00F0B3C3 /* AccelerometerControlView.swift */; };
		2A9CB6112AD969E500F0B3C3 /* PlayerControl.swift in Sources */ = {isa = PBXBuildFile; fileRef = 2A9CB6102AD969E500F0B3C3 /* PlayerControl.swift */; };
		2A9CB6132AD96BFC00F0B3C3 /* BaseControlView.swift in Sources */ = {isa = PBXBuildFile; fileRef = 2A9CB6122AD96BFC00F0B3C3 /* BaseControlView.swift */; };
		2A9CB6182AD973B100F0B3C3 /* GameOverRouter.swift in Sources */ = {isa = PBXBuildFile; fileRef = 2A9CB6172AD973B100F0B3C3 /* GameOverRouter.swift */; };
		2A9CB61B2AD997B200F0B3C3 /* CounterModel.swift in Sources */ = {isa = PBXBuildFile; fileRef = 2A9CB61A2AD997B200F0B3C3 /* CounterModel.swift */; };
		2A9CB61D2AD99C5C00F0B3C3 /* HindranceFactory.swift in Sources */ = {isa = PBXBuildFile; fileRef = 2A9CB61C2AD99C5C00F0B3C3 /* HindranceFactory.swift */; };
		2A9CB6202AD9B07700F0B3C3 /* BaseHindranceView.swift in Sources */ = {isa = PBXBuildFile; fileRef = 2A9CB61F2AD9B07700F0B3C3 /* BaseHindranceView.swift */; };
		2A9CB6232AD9B1B400F0B3C3 /* SummerTreeHindranceView.swift in Sources */ = {isa = PBXBuildFile; fileRef = 2A9CB6222AD9B1B400F0B3C3 /* SummerTreeHindranceView.swift */; };
		2A9CB6252AD9BA4000F0B3C3 /* HindrancesView.swift in Sources */ = {isa = PBXBuildFile; fileRef = 2A9CB6242AD9BA4000F0B3C3 /* HindrancesView.swift */; };
		2A9CB6272ADA940E00F0B3C3 /* AutumnTreeHindranceView.swift in Sources */ = {isa = PBXBuildFile; fileRef = 2A9CB6262ADA940E00F0B3C3 /* AutumnTreeHindranceView.swift */; };
		2A9CB6292ADA94CE00F0B3C3 /* SpringTreeHindranceView.swift in Sources */ = {isa = PBXBuildFile; fileRef = 2A9CB6282ADA94CE00F0B3C3 /* SpringTreeHindranceView.swift */; };
		2A9CB62B2ADA957600F0B3C3 /* WinterTreeHindranceView.swift in Sources */ = {isa = PBXBuildFile; fileRef = 2A9CB62A2ADA957600F0B3C3 /* WinterTreeHindranceView.swift */; };
		2A9CB6492AE3AB8500F0B3C3 /* SettingsViewController.swift in Sources */ = {isa = PBXBuildFile; fileRef = 2A9CB6482AE3AB8500F0B3C3 /* SettingsViewController.swift */; };
		2A9CB64C2AE3AD3F00F0B3C3 /* UserSettingsView.swift in Sources */ = {isa = PBXBuildFile; fileRef = 2A9CB64B2AE3AD3F00F0B3C3 /* UserSettingsView.swift */; };
		2A9CB64E2AE3CA9200F0B3C3 /* SettingsViewControllerDelegate.swift in Sources */ = {isa = PBXBuildFile; fileRef = 2A9CB64D2AE3CA9200F0B3C3 /* SettingsViewControllerDelegate.swift */; };
		2A9CB6512AE3D0FB00F0B3C3 /* UserModel.swift in Sources */ = {isa = PBXBuildFile; fileRef = 2A9CB6502AE3D0FB00F0B3C3 /* UserModel.swift */; };
		2A9CB6532AE405FE00F0B3C3 /* SliderSettingsView.swift in Sources */ = {isa = PBXBuildFile; fileRef = 2A9CB6522AE405FE00F0B3C3 /* SliderSettingsView.swift */; };
		2A9CB6562AE6578200F0B3C3 /* BackButton.swift in Sources */ = {isa = PBXBuildFile; fileRef = 2A9CB6552AE6578200F0B3C3 /* BackButton.swift */; };
		2A9CB6582AE65A8800F0B3C3 /* BackRouter.swift in Sources */ = {isa = PBXBuildFile; fileRef = 2A9CB6572AE65A8800F0B3C3 /* BackRouter.swift */; };
		2A9CB65A2AE663CC00F0B3C3 /* BackButtonDelegate.swift in Sources */ = {isa = PBXBuildFile; fileRef = 2A9CB6592AE663CC00F0B3C3 /* BackButtonDelegate.swift */; };
		2A9CB65D2AE664A600F0B3C3 /* ControlsSliderSettingsView.swift in Sources */ = {isa = PBXBuildFile; fileRef = 2A9CB65C2AE664A500F0B3C3 /* ControlsSliderSettingsView.swift */; };
		2A9CB65F2AE6652700F0B3C3 /* LevelsSliderSettingsView.swift in Sources */ = {isa = PBXBuildFile; fileRef = 2A9CB65E2AE6652700F0B3C3 /* LevelsSliderSettingsView.swift */; };
		2A9CB6612AE666E900F0B3C3 /* HindrancesSliderSettingsView.swift in Sources */ = {isa = PBXBuildFile; fileRef = 2A9CB6602AE666E900F0B3C3 /* HindrancesSliderSettingsView.swift */; };
		2A9CB6632AE6671C00F0B3C3 /* CarColorsSliderSettingsView.swift in Sources */ = {isa = PBXBuildFile; fileRef = 2A9CB6622AE6671C00F0B3C3 /* CarColorsSliderSettingsView.swift */; };
		2A9CB6652AE8F9CA00F0B3C3 /* GameSettingsModel.swift in Sources */ = {isa = PBXBuildFile; fileRef = 2A9CB6642AE8F9CA00F0B3C3 /* GameSettingsModel.swift */; };
		2A9CB6672AE8FB4E00F0B3C3 /* UserDefaults+extensions.swift in Sources */ = {isa = PBXBuildFile; fileRef = 2A9CB6662AE8FB4E00F0B3C3 /* UserDefaults+extensions.swift */; };
		2A9CB6692AE8FC5000F0B3C3 /* GameSettingsManager.swift in Sources */ = {isa = PBXBuildFile; fileRef = 2A9CB6682AE8FC5000F0B3C3 /* GameSettingsManager.swift */; };
		2A9CB67B2AE95F7500F0B3C3 /* RecordModel.swift in Sources */ = {isa = PBXBuildFile; fileRef = 2A9CB67A2AE95F7500F0B3C3 /* RecordModel.swift */; };
		2A9CB67D2AE9637400F0B3C3 /* DateManager.swift in Sources */ = {isa = PBXBuildFile; fileRef = 2A9CB67C2AE9637400F0B3C3 /* DateManager.swift */; };
		2A9CB6802AE964A000F0B3C3 /* RecordsManager.swift in Sources */ = {isa = PBXBuildFile; fileRef = 2A9CB67F2AE964A000F0B3C3 /* RecordsManager.swift */; };
		2A9CB6832AE9876600F0B3C3 /* RecordsViewController.swift in Sources */ = {isa = PBXBuildFile; fileRef = 2A9CB6822AE9876600F0B3C3 /* RecordsViewController.swift */; };
		2A9CB6852AE9890E00F0B3C3 /* RecordTableViewCell.swift in Sources */ = {isa = PBXBuildFile; fileRef = 2A9CB6842AE9890E00F0B3C3 /* RecordTableViewCell.swift */; };
		2A9CB6CB2AEAC55600F0B3C3 /* Localizable.strings in Resources */ = {isa = PBXBuildFile; fileRef = 2A9CB6CD2AEAC55600F0B3C3 /* Localizable.strings */; };
		2A9CB6D22AEAC69500F0B3C3 /* String+extensions.swift in Sources */ = {isa = PBXBuildFile; fileRef = 2A9CB6D12AEAC69500F0B3C3 /* String+extensions.swift */; };
		2AC3872D2AD6BE5C005082DA /* AppDelegate.swift in Sources */ = {isa = PBXBuildFile; fileRef = 2AC3872C2AD6BE5C005082DA /* AppDelegate.swift */; };
		2AC3872F2AD6BE5C005082DA /* SceneDelegate.swift in Sources */ = {isa = PBXBuildFile; fileRef = 2AC3872E2AD6BE5C005082DA /* SceneDelegate.swift */; };
		2AC387312AD6BE5C005082DA /* ViewController.swift in Sources */ = {isa = PBXBuildFile; fileRef = 2AC387302AD6BE5C005082DA /* ViewController.swift */; };
		2AC387342AD6BE5C005082DA /* Main.storyboard in Resources */ = {isa = PBXBuildFile; fileRef = 2AC387322AD6BE5C005082DA /* Main.storyboard */; };
		2AC387362AD6BE5D005082DA /* Assets.xcassets in Resources */ = {isa = PBXBuildFile; fileRef = 2AC387352AD6BE5D005082DA /* Assets.xcassets */; };
		2AC387392AD6BE5D005082DA /* LaunchScreen.storyboard in Resources */ = {isa = PBXBuildFile; fileRef = 2AC387372AD6BE5D005082DA /* LaunchScreen.storyboard */; };
		2AC387442AD6BE5E005082DA /* mobile_racing_game_velocity_rushTests.swift in Sources */ = {isa = PBXBuildFile; fileRef = 2AC387432AD6BE5E005082DA /* mobile_racing_game_velocity_rushTests.swift */; };
		2AC3874E2AD6BE5E005082DA /* mobile_racing_game_velocity_rushUITests.swift in Sources */ = {isa = PBXBuildFile; fileRef = 2AC3874D2AD6BE5E005082DA /* mobile_racing_game_velocity_rushUITests.swift */; };
		2AC387502AD6BE5E005082DA /* mobile_racing_game_velocity_rushUITestsLaunchTests.swift in Sources */ = {isa = PBXBuildFile; fileRef = 2AC3874F2AD6BE5E005082DA /* mobile_racing_game_velocity_rushUITestsLaunchTests.swift */; };
		2AC387642AD6C37B005082DA /* StartMenuView.swift in Sources */ = {isa = PBXBuildFile; fileRef = 2AC387632AD6C37B005082DA /* StartMenuView.swift */; };
		2AC387682AD6CBCB005082DA /* UIButtons+extensions.swift in Sources */ = {isa = PBXBuildFile; fileRef = 2AC387672AD6CBCB005082DA /* UIButtons+extensions.swift */; };
		2AC3876B2AD6D1FA005082DA /* Router.swift in Sources */ = {isa = PBXBuildFile; fileRef = 2AC3876A2AD6D1FA005082DA /* Router.swift */; };
		2AC3876D2AD6D2E9005082DA /* StartMenuRouter.swift in Sources */ = {isa = PBXBuildFile; fileRef = 2AC3876C2AD6D2E9005082DA /* StartMenuRouter.swift */; };
		2AC3876F2AD6D486005082DA /* ViewControllerDelegate.swift in Sources */ = {isa = PBXBuildFile; fileRef = 2AC3876E2AD6D486005082DA /* ViewControllerDelegate.swift */; };
		2AC387722AD6D93D005082DA /* RoadView.swift in Sources */ = {isa = PBXBuildFile; fileRef = 2AC387712AD6D93D005082DA /* RoadView.swift */; };
		2AC387742AD6DC1C005082DA /* WhiteDottedLinesView.swift in Sources */ = {isa = PBXBuildFile; fileRef = 2AC387732AD6DC1C005082DA /* WhiteDottedLinesView.swift */; };
		2AC387762AD6F9A5005082DA /* RaceViewController.swift in Sources */ = {isa = PBXBuildFile; fileRef = 2AC387752AD6F9A5005082DA /* RaceViewController.swift */; };
		2AC387782AD6FDD7005082DA /* EnemyCarsView.swift in Sources */ = {isa = PBXBuildFile; fileRef = 2AC387772AD6FDD7005082DA /* EnemyCarsView.swift */; };
		2AC3877A2AD6FE1B005082DA /* GlobalConstants.swift in Sources */ = {isa = PBXBuildFile; fileRef = 2AC387792AD6FE1B005082DA /* GlobalConstants.swift */; };
		2AC3877C2AD703C9005082DA /* UIView+extensions.swift in Sources */ = {isa = PBXBuildFile; fileRef = 2AC3877B2AD703C9005082DA /* UIView+extensions.swift */; };
		2AC387802AD7BED3005082DA /* PlayerCarView.swift in Sources */ = {isa = PBXBuildFile; fileRef = 2AC3877F2AD7BED3005082DA /* PlayerCarView.swift */; };
		2AC6E1922AECE4A8009866C4 /* BaseLevelModel.swift in Sources */ = {isa = PBXBuildFile; fileRef = 2AC6E1912AECE4A8009866C4 /* BaseLevelModel.swift */; };
		2AC6E1952AED0730009866C4 /* EasyLevelModel.swift in Sources */ = {isa = PBXBuildFile; fileRef = 2AC6E1942AED0730009866C4 /* EasyLevelModel.swift */; };
		2AC6E1972AED0745009866C4 /* NormalLevelModel.swift in Sources */ = {isa = PBXBuildFile; fileRef = 2AC6E1962AED0745009866C4 /* NormalLevelModel.swift */; };
		2AC6E1992AED075D009866C4 /* HardLevelModel.swift in Sources */ = {isa = PBXBuildFile; fileRef = 2AC6E1982AED075D009866C4 /* HardLevelModel.swift */; };
		2AC6E19B2AED077B009866C4 /* LevelFactory.swift in Sources */ = {isa = PBXBuildFile; fileRef = 2AC6E19A2AED077B009866C4 /* LevelFactory.swift */; };
		2AC6E19E2AEEB200009866C4 /* RecordsViewControllerDelegate.swift in Sources */ = {isa = PBXBuildFile; fileRef = 2AC6E19D2AEEB200009866C4 /* RecordsViewControllerDelegate.swift */; };
		2AC6E1A12AF00A12009866C4 /* StartScreen.png in Resources */ = {isa = PBXBuildFile; fileRef = 2AC6E1A02AF00A12009866C4 /* StartScreen.png */; };
		2AC6E1A32AF00A35009866C4 /* SettingsScreen1.png in Resources */ = {isa = PBXBuildFile; fileRef = 2AC6E1A22AF00A35009866C4 /* SettingsScreen1.png */; };
		2AC6E1A52AF00A53009866C4 /* SettingsScreen2.png in Resources */ = {isa = PBXBuildFile; fileRef = 2AC6E1A42AF00A53009866C4 /* SettingsScreen2.png */; };
		2AC6E1A72AF00A74009866C4 /* RecordsScreen(No records).png in Resources */ = {isa = PBXBuildFile; fileRef = 2AC6E1A62AF00A74009866C4 /* RecordsScreen(No records).png */; };
		2AC6E1A92AF00AE0009866C4 /* SettingsScreen(Select Photo).png in Resources */ = {isa = PBXBuildFile; fileRef = 2AC6E1A82AF00AE0009866C4 /* SettingsScreen(Select Photo).png */; };
		2AC6E1AB2AF00B3B009866C4 /* RaceScreen.png in Resources */ = {isa = PBXBuildFile; fileRef = 2AC6E1AA2AF00B3B009866C4 /* RaceScreen.png */; };
		2AC6E1AD2AF00B68009866C4 /* RaceScreen(Game Over).png in Resources */ = {isa = PBXBuildFile; fileRef = 2AC6E1AC2AF00B68009866C4 /* RaceScreen(Game Over).png */; };
		2AC6E1AF2AF00D36009866C4 /* RecordsScreen(Data).png in Resources */ = {isa = PBXBuildFile; fileRef = 2AC6E1AE2AF00D36009866C4 /* RecordsScreen(Data).png */; };
		2AC6E1B12AF00D5D009866C4 /* RecordsScreen(Delete Cell1).png in Resources */ = {isa = PBXBuildFile; fileRef = 2AC6E1B02AF00D5D009866C4 /* RecordsScreen(Delete Cell1).png */; };
		2AC6E1B32AF00D86009866C4 /* RecordsScreen(Delete Cell2).png in Resources */ = {isa = PBXBuildFile; fileRef = 2AC6E1B22AF00D86009866C4 /* RecordsScreen(Delete Cell2).png */; };
		2AC6E1B52AF26C98009866C4 /* RecordsInputDataDelegate.swift in Sources */ = {isa = PBXBuildFile; fileRef = 2AC6E1B42AF26C98009866C4 /* RecordsInputDataDelegate.swift */; };
		2AC6E1B72AF26EC4009866C4 /* GameSettingsInputDataDelegate.swift in Sources */ = {isa = PBXBuildFile; fileRef = 2AC6E1B62AF26EC4009866C4 /* GameSettingsInputDataDelegate.swift */; };
/* End PBXBuildFile section */

/* Begin PBXContainerItemProxy section */
		2AC387402AD6BE5E005082DA /* PBXContainerItemProxy */ = {
			isa = PBXContainerItemProxy;
			containerPortal = 2AC387212AD6BE5C005082DA /* Project object */;
			proxyType = 1;
			remoteGlobalIDString = 2AC387282AD6BE5C005082DA;
			remoteInfo = "mobile-racing-game-velocity-rush";
		};
		2AC3874A2AD6BE5E005082DA /* PBXContainerItemProxy */ = {
			isa = PBXContainerItemProxy;
			containerPortal = 2AC387212AD6BE5C005082DA /* Project object */;
			proxyType = 1;
			remoteGlobalIDString = 2AC387282AD6BE5C005082DA;
			remoteInfo = "mobile-racing-game-velocity-rush";
		};
/* End PBXContainerItemProxy section */

/* Begin PBXFileReference section */
		2A0365FF2AEC01B2007915AC /* GameSettingsPresenter.swift */ = {isa = PBXFileReference; lastKnownFileType = sourcecode.swift; path = GameSettingsPresenter.swift; sourceTree = "<group>"; };
		2A0366012AEC168B007915AC /* RecordsPresenter.swift */ = {isa = PBXFileReference; lastKnownFileType = sourcecode.swift; path = RecordsPresenter.swift; sourceTree = "<group>"; };
		2A0366032AEC1FD2007915AC /* CounterPresenter.swift */ = {isa = PBXFileReference; lastKnownFileType = sourcecode.swift; path = CounterPresenter.swift; sourceTree = "<group>"; };
		2A0366052AEC260A007915AC /* ControlFactory.swift */ = {isa = PBXFileReference; lastKnownFileType = sourcecode.swift; path = ControlFactory.swift; sourceTree = "<group>"; };
		2A03660A2AECDD70007915AC /* CounterOutputDelegate.swift */ = {isa = PBXFileReference; lastKnownFileType = sourcecode.swift; path = CounterOutputDelegate.swift; sourceTree = "<group>"; };
		2A03660C2AECDD9D007915AC /* RecordsOutputDelegate.swift */ = {isa = PBXFileReference; lastKnownFileType = sourcecode.swift; path = RecordsOutputDelegate.swift; sourceTree = "<group>"; };
		2A03660E2AECDDB2007915AC /* RecordsInputDelegate.swift */ = {isa = PBXFileReference; lastKnownFileType = sourcecode.swift; path = RecordsInputDelegate.swift; sourceTree = "<group>"; };
		2A0366102AECDDE3007915AC /* GameSettingsOutputDelegate.swift */ = {isa = PBXFileReference; lastKnownFileType = sourcecode.swift; path = GameSettingsOutputDelegate.swift; sourceTree = "<group>"; };
		2A0366122AECDDFD007915AC /* GameSettingsInputDelegate.swift */ = {isa = PBXFileReference; lastKnownFileType = sourcecode.swift; path = GameSettingsInputDelegate.swift; sourceTree = "<group>"; };
		2A9CB5F82AD7C41800F0B3C3 /* ButtonsControlView.swift */ = {isa = PBXFileReference; lastKnownFileType = sourcecode.swift; path = ButtonsControlView.swift; sourceTree = "<group>"; };
		2A9CB5FA2AD7C53300F0B3C3 /* PlayerControlDelegate.swift */ = {isa = PBXFileReference; lastKnownFileType = sourcecode.swift; path = PlayerControlDelegate.swift; sourceTree = "<group>"; };
		2A9CB5FC2AD7C70D00F0B3C3 /* SwipesControlView.swift */ = {isa = PBXFileReference; lastKnownFileType = sourcecode.swift; path = SwipesControlView.swift; sourceTree = "<group>"; };
		2A9CB5FE2AD7C83B00F0B3C3 /* AccelerometerControlView.swift */ = {isa = PBXFileReference; lastKnownFileType = sourcecode.swift; path = AccelerometerControlView.swift; sourceTree = "<group>"; };
		2A9CB6102AD969E500F0B3C3 /* PlayerControl.swift */ = {isa = PBXFileReference; lastKnownFileType = sourcecode.swift; path = PlayerControl.swift; sourceTree = "<group>"; };
		2A9CB6122AD96BFC00F0B3C3 /* BaseControlView.swift */ = {isa = PBXFileReference; lastKnownFileType = sourcecode.swift; path = BaseControlView.swift; sourceTree = "<group>"; };
		2A9CB6172AD973B100F0B3C3 /* GameOverRouter.swift */ = {isa = PBXFileReference; lastKnownFileType = sourcecode.swift; path = GameOverRouter.swift; sourceTree = "<group>"; };
		2A9CB61A2AD997B200F0B3C3 /* CounterModel.swift */ = {isa = PBXFileReference; lastKnownFileType = sourcecode.swift; path = CounterModel.swift; sourceTree = "<group>"; };
		2A9CB61C2AD99C5C00F0B3C3 /* HindranceFactory.swift */ = {isa = PBXFileReference; lastKnownFileType = sourcecode.swift; path = HindranceFactory.swift; sourceTree = "<group>"; };
		2A9CB61F2AD9B07700F0B3C3 /* BaseHindranceView.swift */ = {isa = PBXFileReference; lastKnownFileType = sourcecode.swift; path = BaseHindranceView.swift; sourceTree = "<group>"; };
		2A9CB6222AD9B1B400F0B3C3 /* SummerTreeHindranceView.swift */ = {isa = PBXFileReference; lastKnownFileType = sourcecode.swift; path = SummerTreeHindranceView.swift; sourceTree = "<group>"; };
		2A9CB6242AD9BA4000F0B3C3 /* HindrancesView.swift */ = {isa = PBXFileReference; lastKnownFileType = sourcecode.swift; path = HindrancesView.swift; sourceTree = "<group>"; };
		2A9CB6262ADA940E00F0B3C3 /* AutumnTreeHindranceView.swift */ = {isa = PBXFileReference; lastKnownFileType = sourcecode.swift; path = AutumnTreeHindranceView.swift; sourceTree = "<group>"; };
		2A9CB6282ADA94CE00F0B3C3 /* SpringTreeHindranceView.swift */ = {isa = PBXFileReference; lastKnownFileType = sourcecode.swift; path = SpringTreeHindranceView.swift; sourceTree = "<group>"; };
		2A9CB62A2ADA957600F0B3C3 /* WinterTreeHindranceView.swift */ = {isa = PBXFileReference; lastKnownFileType = sourcecode.swift; path = WinterTreeHindranceView.swift; sourceTree = "<group>"; };
		2A9CB6482AE3AB8500F0B3C3 /* SettingsViewController.swift */ = {isa = PBXFileReference; lastKnownFileType = sourcecode.swift; path = SettingsViewController.swift; sourceTree = "<group>"; };
		2A9CB64B2AE3AD3F00F0B3C3 /* UserSettingsView.swift */ = {isa = PBXFileReference; lastKnownFileType = sourcecode.swift; path = UserSettingsView.swift; sourceTree = "<group>"; };
		2A9CB64D2AE3CA9200F0B3C3 /* SettingsViewControllerDelegate.swift */ = {isa = PBXFileReference; lastKnownFileType = sourcecode.swift; path = SettingsViewControllerDelegate.swift; sourceTree = "<group>"; };
		2A9CB6502AE3D0FB00F0B3C3 /* UserModel.swift */ = {isa = PBXFileReference; lastKnownFileType = sourcecode.swift; path = UserModel.swift; sourceTree = "<group>"; };
		2A9CB6522AE405FE00F0B3C3 /* SliderSettingsView.swift */ = {isa = PBXFileReference; lastKnownFileType = sourcecode.swift; path = SliderSettingsView.swift; sourceTree = "<group>"; };
		2A9CB6552AE6578200F0B3C3 /* BackButton.swift */ = {isa = PBXFileReference; lastKnownFileType = sourcecode.swift; path = BackButton.swift; sourceTree = "<group>"; };
		2A9CB6572AE65A8800F0B3C3 /* BackRouter.swift */ = {isa = PBXFileReference; lastKnownFileType = sourcecode.swift; path = BackRouter.swift; sourceTree = "<group>"; };
		2A9CB6592AE663CC00F0B3C3 /* BackButtonDelegate.swift */ = {isa = PBXFileReference; lastKnownFileType = sourcecode.swift; path = BackButtonDelegate.swift; sourceTree = "<group>"; };
		2A9CB65C2AE664A500F0B3C3 /* ControlsSliderSettingsView.swift */ = {isa = PBXFileReference; lastKnownFileType = sourcecode.swift; path = ControlsSliderSettingsView.swift; sourceTree = "<group>"; };
		2A9CB65E2AE6652700F0B3C3 /* LevelsSliderSettingsView.swift */ = {isa = PBXFileReference; lastKnownFileType = sourcecode.swift; path = LevelsSliderSettingsView.swift; sourceTree = "<group>"; };
		2A9CB6602AE666E900F0B3C3 /* HindrancesSliderSettingsView.swift */ = {isa = PBXFileReference; lastKnownFileType = sourcecode.swift; path = HindrancesSliderSettingsView.swift; sourceTree = "<group>"; };
		2A9CB6622AE6671C00F0B3C3 /* CarColorsSliderSettingsView.swift */ = {isa = PBXFileReference; lastKnownFileType = sourcecode.swift; path = CarColorsSliderSettingsView.swift; sourceTree = "<group>"; };
		2A9CB6642AE8F9CA00F0B3C3 /* GameSettingsModel.swift */ = {isa = PBXFileReference; lastKnownFileType = sourcecode.swift; path = GameSettingsModel.swift; sourceTree = "<group>"; };
		2A9CB6662AE8FB4E00F0B3C3 /* UserDefaults+extensions.swift */ = {isa = PBXFileReference; lastKnownFileType = sourcecode.swift; path = "UserDefaults+extensions.swift"; sourceTree = "<group>"; };
		2A9CB6682AE8FC5000F0B3C3 /* GameSettingsManager.swift */ = {isa = PBXFileReference; lastKnownFileType = sourcecode.swift; path = GameSettingsManager.swift; sourceTree = "<group>"; };
		2A9CB67A2AE95F7500F0B3C3 /* RecordModel.swift */ = {isa = PBXFileReference; lastKnownFileType = sourcecode.swift; path = RecordModel.swift; sourceTree = "<group>"; };
		2A9CB67C2AE9637400F0B3C3 /* DateManager.swift */ = {isa = PBXFileReference; lastKnownFileType = sourcecode.swift; path = DateManager.swift; sourceTree = "<group>"; };
		2A9CB67F2AE964A000F0B3C3 /* RecordsManager.swift */ = {isa = PBXFileReference; lastKnownFileType = sourcecode.swift; path = RecordsManager.swift; sourceTree = "<group>"; };
		2A9CB6822AE9876600F0B3C3 /* RecordsViewController.swift */ = {isa = PBXFileReference; lastKnownFileType = sourcecode.swift; path = RecordsViewController.swift; sourceTree = "<group>"; };
		2A9CB6842AE9890E00F0B3C3 /* RecordTableViewCell.swift */ = {isa = PBXFileReference; lastKnownFileType = sourcecode.swift; path = RecordTableViewCell.swift; sourceTree = "<group>"; };
		2A9CB6CC2AEAC55600F0B3C3 /* en */ = {isa = PBXFileReference; lastKnownFileType = text.plist.strings; name = en; path = en.lproj/Localizable.strings; sourceTree = "<group>"; };
		2A9CB6CE2AEAC56900F0B3C3 /* ru */ = {isa = PBXFileReference; lastKnownFileType = text.plist.strings; name = ru; path = ru.lproj/Main.strings; sourceTree = "<group>"; };
		2A9CB6CF2AEAC56900F0B3C3 /* ru */ = {isa = PBXFileReference; lastKnownFileType = text.plist.strings; name = ru; path = ru.lproj/LaunchScreen.strings; sourceTree = "<group>"; };
		2A9CB6D02AEAC56900F0B3C3 /* ru */ = {isa = PBXFileReference; lastKnownFileType = text.plist.strings; name = ru; path = ru.lproj/Localizable.strings; sourceTree = "<group>"; };
		2A9CB6D12AEAC69500F0B3C3 /* String+extensions.swift */ = {isa = PBXFileReference; lastKnownFileType = sourcecode.swift; path = "String+extensions.swift"; sourceTree = "<group>"; };
		2AC387292AD6BE5C005082DA /* mobile-racing-game-velocity-rush.app */ = {isa = PBXFileReference; explicitFileType = wrapper.application; includeInIndex = 0; path = "mobile-racing-game-velocity-rush.app"; sourceTree = BUILT_PRODUCTS_DIR; };
		2AC3872C2AD6BE5C005082DA /* AppDelegate.swift */ = {isa = PBXFileReference; lastKnownFileType = sourcecode.swift; path = AppDelegate.swift; sourceTree = "<group>"; };
		2AC3872E2AD6BE5C005082DA /* SceneDelegate.swift */ = {isa = PBXFileReference; lastKnownFileType = sourcecode.swift; path = SceneDelegate.swift; sourceTree = "<group>"; };
		2AC387302AD6BE5C005082DA /* ViewController.swift */ = {isa = PBXFileReference; lastKnownFileType = sourcecode.swift; path = ViewController.swift; sourceTree = "<group>"; };
		2AC387332AD6BE5C005082DA /* Base */ = {isa = PBXFileReference; lastKnownFileType = file.storyboard; name = Base; path = Base.lproj/Main.storyboard; sourceTree = "<group>"; };
		2AC387352AD6BE5D005082DA /* Assets.xcassets */ = {isa = PBXFileReference; lastKnownFileType = folder.assetcatalog; path = Assets.xcassets; sourceTree = "<group>"; };
		2AC387382AD6BE5D005082DA /* Base */ = {isa = PBXFileReference; lastKnownFileType = file.storyboard; name = Base; path = Base.lproj/LaunchScreen.storyboard; sourceTree = "<group>"; };
		2AC3873A2AD6BE5D005082DA /* Info.plist */ = {isa = PBXFileReference; lastKnownFileType = text.plist.xml; path = Info.plist; sourceTree = "<group>"; };
		2AC3873F2AD6BE5E005082DA /* mobile-racing-game-velocity-rushTests.xctest */ = {isa = PBXFileReference; explicitFileType = wrapper.cfbundle; includeInIndex = 0; path = "mobile-racing-game-velocity-rushTests.xctest"; sourceTree = BUILT_PRODUCTS_DIR; };
		2AC387432AD6BE5E005082DA /* mobile_racing_game_velocity_rushTests.swift */ = {isa = PBXFileReference; lastKnownFileType = sourcecode.swift; path = mobile_racing_game_velocity_rushTests.swift; sourceTree = "<group>"; };
		2AC387492AD6BE5E005082DA /* mobile-racing-game-velocity-rushUITests.xctest */ = {isa = PBXFileReference; explicitFileType = wrapper.cfbundle; includeInIndex = 0; path = "mobile-racing-game-velocity-rushUITests.xctest"; sourceTree = BUILT_PRODUCTS_DIR; };
		2AC3874D2AD6BE5E005082DA /* mobile_racing_game_velocity_rushUITests.swift */ = {isa = PBXFileReference; lastKnownFileType = sourcecode.swift; path = mobile_racing_game_velocity_rushUITests.swift; sourceTree = "<group>"; };
		2AC3874F2AD6BE5E005082DA /* mobile_racing_game_velocity_rushUITestsLaunchTests.swift */ = {isa = PBXFileReference; lastKnownFileType = sourcecode.swift; path = mobile_racing_game_velocity_rushUITestsLaunchTests.swift; sourceTree = "<group>"; };
		2AC387632AD6C37B005082DA /* StartMenuView.swift */ = {isa = PBXFileReference; lastKnownFileType = sourcecode.swift; path = StartMenuView.swift; sourceTree = "<group>"; };
		2AC387672AD6CBCB005082DA /* UIButtons+extensions.swift */ = {isa = PBXFileReference; lastKnownFileType = sourcecode.swift; path = "UIButtons+extensions.swift"; sourceTree = "<group>"; };
		2AC3876A2AD6D1FA005082DA /* Router.swift */ = {isa = PBXFileReference; lastKnownFileType = sourcecode.swift; path = Router.swift; sourceTree = "<group>"; };
		2AC3876C2AD6D2E9005082DA /* StartMenuRouter.swift */ = {isa = PBXFileReference; lastKnownFileType = sourcecode.swift; path = StartMenuRouter.swift; sourceTree = "<group>"; };
		2AC3876E2AD6D486005082DA /* ViewControllerDelegate.swift */ = {isa = PBXFileReference; lastKnownFileType = sourcecode.swift; path = ViewControllerDelegate.swift; sourceTree = "<group>"; };
		2AC387712AD6D93D005082DA /* RoadView.swift */ = {isa = PBXFileReference; lastKnownFileType = sourcecode.swift; path = RoadView.swift; sourceTree = "<group>"; };
		2AC387732AD6DC1C005082DA /* WhiteDottedLinesView.swift */ = {isa = PBXFileReference; lastKnownFileType = sourcecode.swift; path = WhiteDottedLinesView.swift; sourceTree = "<group>"; };
		2AC387752AD6F9A5005082DA /* RaceViewController.swift */ = {isa = PBXFileReference; lastKnownFileType = sourcecode.swift; path = RaceViewController.swift; sourceTree = "<group>"; };
		2AC387772AD6FDD7005082DA /* EnemyCarsView.swift */ = {isa = PBXFileReference; lastKnownFileType = sourcecode.swift; path = EnemyCarsView.swift; sourceTree = "<group>"; };
		2AC387792AD6FE1B005082DA /* GlobalConstants.swift */ = {isa = PBXFileReference; lastKnownFileType = sourcecode.swift; path = GlobalConstants.swift; sourceTree = "<group>"; };
		2AC3877B2AD703C9005082DA /* UIView+extensions.swift */ = {isa = PBXFileReference; lastKnownFileType = sourcecode.swift; path = "UIView+extensions.swift"; sourceTree = "<group>"; };
		2AC3877F2AD7BED3005082DA /* PlayerCarView.swift */ = {isa = PBXFileReference; lastKnownFileType = sourcecode.swift; path = PlayerCarView.swift; sourceTree = "<group>"; };
		2AC6E1912AECE4A8009866C4 /* BaseLevelModel.swift */ = {isa = PBXFileReference; lastKnownFileType = sourcecode.swift; path = BaseLevelModel.swift; sourceTree = "<group>"; };
		2AC6E1942AED0730009866C4 /* EasyLevelModel.swift */ = {isa = PBXFileReference; lastKnownFileType = sourcecode.swift; path = EasyLevelModel.swift; sourceTree = "<group>"; };
		2AC6E1962AED0745009866C4 /* NormalLevelModel.swift */ = {isa = PBXFileReference; lastKnownFileType = sourcecode.swift; path = NormalLevelModel.swift; sourceTree = "<group>"; };
		2AC6E1982AED075D009866C4 /* HardLevelModel.swift */ = {isa = PBXFileReference; lastKnownFileType = sourcecode.swift; path = HardLevelModel.swift; sourceTree = "<group>"; };
		2AC6E19A2AED077B009866C4 /* LevelFactory.swift */ = {isa = PBXFileReference; lastKnownFileType = sourcecode.swift; path = LevelFactory.swift; sourceTree = "<group>"; };
		2AC6E19D2AEEB200009866C4 /* RecordsViewControllerDelegate.swift */ = {isa = PBXFileReference; lastKnownFileType = sourcecode.swift; path = RecordsViewControllerDelegate.swift; sourceTree = "<group>"; };
		2AC6E1A02AF00A12009866C4 /* StartScreen.png */ = {isa = PBXFileReference; lastKnownFileType = image.png; path = StartScreen.png; sourceTree = "<group>"; };
		2AC6E1A22AF00A35009866C4 /* SettingsScreen1.png */ = {isa = PBXFileReference; lastKnownFileType = image.png; path = SettingsScreen1.png; sourceTree = "<group>"; };
		2AC6E1A42AF00A53009866C4 /* SettingsScreen2.png */ = {isa = PBXFileReference; lastKnownFileType = image.png; path = SettingsScreen2.png; sourceTree = "<group>"; };
		2AC6E1A62AF00A74009866C4 /* RecordsScreen(No records).png */ = {isa = PBXFileReference; lastKnownFileType = image.png; path = "RecordsScreen(No records).png"; sourceTree = "<group>"; };
		2AC6E1A82AF00AE0009866C4 /* SettingsScreen(Select Photo).png */ = {isa = PBXFileReference; lastKnownFileType = image.png; path = "SettingsScreen(Select Photo).png"; sourceTree = "<group>"; };
		2AC6E1AA2AF00B3B009866C4 /* RaceScreen.png */ = {isa = PBXFileReference; lastKnownFileType = image.png; path = RaceScreen.png; sourceTree = "<group>"; };
		2AC6E1AC2AF00B68009866C4 /* RaceScreen(Game Over).png */ = {isa = PBXFileReference; lastKnownFileType = image.png; path = "RaceScreen(Game Over).png"; sourceTree = "<group>"; };
		2AC6E1AE2AF00D36009866C4 /* RecordsScreen(Data).png */ = {isa = PBXFileReference; lastKnownFileType = image.png; path = "RecordsScreen(Data).png"; sourceTree = "<group>"; };
		2AC6E1B02AF00D5D009866C4 /* RecordsScreen(Delete Cell1).png */ = {isa = PBXFileReference; lastKnownFileType = image.png; path = "RecordsScreen(Delete Cell1).png"; sourceTree = "<group>"; };
		2AC6E1B22AF00D86009866C4 /* RecordsScreen(Delete Cell2).png */ = {isa = PBXFileReference; lastKnownFileType = image.png; path = "RecordsScreen(Delete Cell2).png"; sourceTree = "<group>"; };
		2AC6E1B42AF26C98009866C4 /* RecordsInputDataDelegate.swift */ = {isa = PBXFileReference; lastKnownFileType = sourcecode.swift; path = RecordsInputDataDelegate.swift; sourceTree = "<group>"; };
		2AC6E1B62AF26EC4009866C4 /* GameSettingsInputDataDelegate.swift */ = {isa = PBXFileReference; lastKnownFileType = sourcecode.swift; path = GameSettingsInputDataDelegate.swift; sourceTree = "<group>"; };
/* End PBXFileReference section */

/* Begin PBXFrameworksBuildPhase section */
		2AC387262AD6BE5C005082DA /* Frameworks */ = {
			isa = PBXFrameworksBuildPhase;
			buildActionMask = 2147483647;
			files = (
			);
			runOnlyForDeploymentPostprocessing = 0;
		};
		2AC3873C2AD6BE5E005082DA /* Frameworks */ = {
			isa = PBXFrameworksBuildPhase;
			buildActionMask = 2147483647;
			files = (
			);
			runOnlyForDeploymentPostprocessing = 0;
		};
		2AC387462AD6BE5E005082DA /* Frameworks */ = {
			isa = PBXFrameworksBuildPhase;
			buildActionMask = 2147483647;
			files = (
			);
			runOnlyForDeploymentPostprocessing = 0;
		};
/* End PBXFrameworksBuildPhase section */

/* Begin PBXGroup section */
		2A0365F82AEBFC78007915AC /* UIViews */ = {
			isa = PBXGroup;
			children = (
				2A9CB64A2AE3AD1300F0B3C3 /* SettingsElements */,
				2AC387602AD6BFBD005082DA /* Storyboards */,
				2AC387622AD6C358005082DA /* StartMenu */,
				2AC387702AD6D934005082DA /* Road */,
				2A9CB5F72AD7C3D600F0B3C3 /* Control */,
				2A9CB6542AE6576000F0B3C3 /* Buttons */,
			);
			path = UIViews;
			sourceTree = "<group>";
		};
		2A0365F92AEBFC88007915AC /* Controllers */ = {
			isa = PBXGroup;
			children = (
				2A0365FA2AEBFD1D007915AC /* Delegates */,
				2AC387302AD6BE5C005082DA /* ViewController.swift */,
				2AC387752AD6F9A5005082DA /* RaceViewController.swift */,
				2A9CB6482AE3AB8500F0B3C3 /* SettingsViewController.swift */,
				2A9CB6822AE9876600F0B3C3 /* RecordsViewController.swift */,
			);
			path = Controllers;
			sourceTree = "<group>";
		};
		2A0365FA2AEBFD1D007915AC /* Delegates */ = {
			isa = PBXGroup;
			children = (
				2AC6E19C2AEEB1E0009866C4 /* Records */,
				2A0365FB2AEBFD4E007915AC /* Settings */,
				2AC3876E2AD6D486005082DA /* ViewControllerDelegate.swift */,
			);
			path = Delegates;
			sourceTree = "<group>";
		};
		2A0365FB2AEBFD4E007915AC /* Settings */ = {
			isa = PBXGroup;
			children = (
				2A9CB64D2AE3CA9200F0B3C3 /* SettingsViewControllerDelegate.swift */,
			);
			path = Settings;
			sourceTree = "<group>";
		};
		2A0365FD2AEC012A007915AC /* User */ = {
			isa = PBXGroup;
			children = (
				2A9CB6502AE3D0FB00F0B3C3 /* UserModel.swift */,
			);
			path = User;
			sourceTree = "<group>";
		};
		2A0365FE2AEC013E007915AC /* Counter */ = {
			isa = PBXGroup;
			children = (
				2A9CB61A2AD997B200F0B3C3 /* CounterModel.swift */,
			);
			path = Counter;
			sourceTree = "<group>";
		};
		2A0366072AECDD1E007915AC /* GameSettings */ = {
			isa = PBXGroup;
			children = (
				2A0365FF2AEC01B2007915AC /* GameSettingsPresenter.swift */,
				2A0366102AECDDE3007915AC /* GameSettingsOutputDelegate.swift */,
				2A0366122AECDDFD007915AC /* GameSettingsInputDelegate.swift */,
				2AC6E1B62AF26EC4009866C4 /* GameSettingsInputDataDelegate.swift */,
			);
			path = GameSettings;
			sourceTree = "<group>";
		};
		2A0366082AECDD2A007915AC /* Records */ = {
			isa = PBXGroup;
			children = (
				2A0366012AEC168B007915AC /* RecordsPresenter.swift */,
				2A03660C2AECDD9D007915AC /* RecordsOutputDelegate.swift */,
				2A03660E2AECDDB2007915AC /* RecordsInputDelegate.swift */,
				2AC6E1B42AF26C98009866C4 /* RecordsInputDataDelegate.swift */,
			);
			path = Records;
			sourceTree = "<group>";
		};
		2A0366092AECDD36007915AC /* Counter */ = {
			isa = PBXGroup;
			children = (
				2A0366032AEC1FD2007915AC /* CounterPresenter.swift */,
				2A03660A2AECDD70007915AC /* CounterOutputDelegate.swift */,
			);
			path = Counter;
			sourceTree = "<group>";
		};
		2A9CB5F72AD7C3D600F0B3C3 /* Control */ = {
			isa = PBXGroup;
			children = (
				2A9CB6142AD96DFE00F0B3C3 /* Methods */,
				2A9CB6102AD969E500F0B3C3 /* PlayerControl.swift */,
				2A9CB5FA2AD7C53300F0B3C3 /* PlayerControlDelegate.swift */,
				2A9CB6122AD96BFC00F0B3C3 /* BaseControlView.swift */,
			);
			path = Control;
			sourceTree = "<group>";
		};
		2A9CB6142AD96DFE00F0B3C3 /* Methods */ = {
			isa = PBXGroup;
			children = (
				2A9CB5FE2AD7C83B00F0B3C3 /* AccelerometerControlView.swift */,
				2A9CB5F82AD7C41800F0B3C3 /* ButtonsControlView.swift */,
				2A9CB5FC2AD7C70D00F0B3C3 /* SwipesControlView.swift */,
				2A0366052AEC260A007915AC /* ControlFactory.swift */,
			);
			path = Methods;
			sourceTree = "<group>";
		};
		2A9CB6192AD9753C00F0B3C3 /* Elements */ = {
			isa = PBXGroup;
			children = (
				2A9CB61E2AD99EED00F0B3C3 /* Hindrances */,
				2AC387732AD6DC1C005082DA /* WhiteDottedLinesView.swift */,
				2AC387772AD6FDD7005082DA /* EnemyCarsView.swift */,
				2AC3877F2AD7BED3005082DA /* PlayerCarView.swift */,
			);
			path = Elements;
			sourceTree = "<group>";
		};
		2A9CB61E2AD99EED00F0B3C3 /* Hindrances */ = {
			isa = PBXGroup;
			children = (
				2A9CB6212AD9B18900F0B3C3 /* Elements */,
				2A9CB6242AD9BA4000F0B3C3 /* HindrancesView.swift */,
				2A9CB61C2AD99C5C00F0B3C3 /* HindranceFactory.swift */,
			);
			path = Hindrances;
			sourceTree = "<group>";
		};
		2A9CB6212AD9B18900F0B3C3 /* Elements */ = {
			isa = PBXGroup;
			children = (
				2A9CB61F2AD9B07700F0B3C3 /* BaseHindranceView.swift */,
				2A9CB6222AD9B1B400F0B3C3 /* SummerTreeHindranceView.swift */,
				2A9CB6262ADA940E00F0B3C3 /* AutumnTreeHindranceView.swift */,
				2A9CB6282ADA94CE00F0B3C3 /* SpringTreeHindranceView.swift */,
				2A9CB62A2ADA957600F0B3C3 /* WinterTreeHindranceView.swift */,
			);
			path = Elements;
			sourceTree = "<group>";
		};
		2A9CB64A2AE3AD1300F0B3C3 /* SettingsElements */ = {
			isa = PBXGroup;
			children = (
				2A9CB65B2AE6648500F0B3C3 /* Sliders */,
				2A9CB64B2AE3AD3F00F0B3C3 /* UserSettingsView.swift */,
				2A9CB6522AE405FE00F0B3C3 /* SliderSettingsView.swift */,
			);
			path = SettingsElements;
			sourceTree = "<group>";
		};
		2A9CB64F2AE3D0ED00F0B3C3 /* Settings */ = {
			isa = PBXGroup;
			children = (
				2A9CB6642AE8F9CA00F0B3C3 /* GameSettingsModel.swift */,
			);
			path = Settings;
			sourceTree = "<group>";
		};
		2A9CB6542AE6576000F0B3C3 /* Buttons */ = {
			isa = PBXGroup;
			children = (
				2A9CB6722AE9312600F0B3C3 /* Back */,
			);
			path = Buttons;
			sourceTree = "<group>";
		};
		2A9CB65B2AE6648500F0B3C3 /* Sliders */ = {
			isa = PBXGroup;
			children = (
				2A9CB65C2AE664A500F0B3C3 /* ControlsSliderSettingsView.swift */,
				2A9CB65E2AE6652700F0B3C3 /* LevelsSliderSettingsView.swift */,
				2A9CB6602AE666E900F0B3C3 /* HindrancesSliderSettingsView.swift */,
				2A9CB6622AE6671C00F0B3C3 /* CarColorsSliderSettingsView.swift */,
			);
			path = Sliders;
			sourceTree = "<group>";
		};
		2A9CB6722AE9312600F0B3C3 /* Back */ = {
			isa = PBXGroup;
			children = (
				2A9CB6552AE6578200F0B3C3 /* BackButton.swift */,
				2A9CB6592AE663CC00F0B3C3 /* BackButtonDelegate.swift */,
			);
			path = Back;
			sourceTree = "<group>";
		};
		2A9CB67E2AE9647C00F0B3C3 /* Records */ = {
			isa = PBXGroup;
			children = (
				2A9CB67A2AE95F7500F0B3C3 /* RecordModel.swift */,
			);
			path = Records;
			sourceTree = "<group>";
		};
		2AC387202AD6BE5C005082DA = {
			isa = PBXGroup;
			children = (
				2AC3872B2AD6BE5C005082DA /* mobile-racing-game-velocity-rush */,
				2AC387422AD6BE5E005082DA /* mobile-racing-game-velocity-rushTests */,
				2AC3874C2AD6BE5E005082DA /* mobile-racing-game-velocity-rushUITests */,
				2AC6E19F2AF0085F009866C4 /* screenshots */,
				2AC3872A2AD6BE5C005082DA /* Products */,
			);
			sourceTree = "<group>";
		};
		2AC3872A2AD6BE5C005082DA /* Products */ = {
			isa = PBXGroup;
			children = (
				2AC387292AD6BE5C005082DA /* mobile-racing-game-velocity-rush.app */,
				2AC3873F2AD6BE5E005082DA /* mobile-racing-game-velocity-rushTests.xctest */,
				2AC387492AD6BE5E005082DA /* mobile-racing-game-velocity-rushUITests.xctest */,
			);
			name = Products;
			sourceTree = "<group>";
		};
		2AC3872B2AD6BE5C005082DA /* mobile-racing-game-velocity-rush */ = {
			isa = PBXGroup;
			children = (
				2AC3875F2AD6BFB2005082DA /* Views */,
				2AC3875E2AD6BF93005082DA /* Presenters */,
				2AC3875D2AD6BF8A005082DA /* Models */,
				2AC387652AD6CB98005082DA /* Helpers */,
				2AC3875C2AD6BF75005082DA /* Application */,
				2AC387352AD6BE5D005082DA /* Assets.xcassets */,
				2AC3873A2AD6BE5D005082DA /* Info.plist */,
			);
			path = "mobile-racing-game-velocity-rush";
			sourceTree = "<group>";
		};
		2AC387422AD6BE5E005082DA /* mobile-racing-game-velocity-rushTests */ = {
			isa = PBXGroup;
			children = (
				2AC387432AD6BE5E005082DA /* mobile_racing_game_velocity_rushTests.swift */,
			);
			path = "mobile-racing-game-velocity-rushTests";
			sourceTree = "<group>";
		};
		2AC3874C2AD6BE5E005082DA /* mobile-racing-game-velocity-rushUITests */ = {
			isa = PBXGroup;
			children = (
				2AC3874D2AD6BE5E005082DA /* mobile_racing_game_velocity_rushUITests.swift */,
				2AC3874F2AD6BE5E005082DA /* mobile_racing_game_velocity_rushUITestsLaunchTests.swift */,
			);
			path = "mobile-racing-game-velocity-rushUITests";
			sourceTree = "<group>";
		};
		2AC3875C2AD6BF75005082DA /* Application */ = {
			isa = PBXGroup;
			children = (
				2AC3872C2AD6BE5C005082DA /* AppDelegate.swift */,
				2AC3872E2AD6BE5C005082DA /* SceneDelegate.swift */,
				2A9CB6CD2AEAC55600F0B3C3 /* Localizable.strings */,
			);
			path = Application;
			sourceTree = "<group>";
		};
		2AC3875D2AD6BF8A005082DA /* Models */ = {
			isa = PBXGroup;
			children = (
				2A0365FD2AEC012A007915AC /* User */,
				2AC6E1902AECE47D009866C4 /* Level */,
				2A0365FE2AEC013E007915AC /* Counter */,
				2A9CB67E2AE9647C00F0B3C3 /* Records */,
				2A9CB64F2AE3D0ED00F0B3C3 /* Settings */,
				2A9CB67C2AE9637400F0B3C3 /* DateManager.swift */,
				2A9CB6682AE8FC5000F0B3C3 /* GameSettingsManager.swift */,
				2A9CB67F2AE964A000F0B3C3 /* RecordsManager.swift */,
			);
			path = Models;
			sourceTree = "<group>";
		};
		2AC3875E2AD6BF93005082DA /* Presenters */ = {
			isa = PBXGroup;
			children = (
				2A0366092AECDD36007915AC /* Counter */,
				2A0366082AECDD2A007915AC /* Records */,
				2A0366072AECDD1E007915AC /* GameSettings */,
			);
			path = Presenters;
			sourceTree = "<group>";
		};
		2AC3875F2AD6BFB2005082DA /* Views */ = {
			isa = PBXGroup;
			children = (
				2A0365F92AEBFC88007915AC /* Controllers */,
				2A0365F82AEBFC78007915AC /* UIViews */,
				2A9CB6842AE9890E00F0B3C3 /* RecordTableViewCell.swift */,
			);
			path = Views;
			sourceTree = "<group>";
		};
		2AC387602AD6BFBD005082DA /* Storyboards */ = {
			isa = PBXGroup;
			children = (
				2AC387322AD6BE5C005082DA /* Main.storyboard */,
				2AC387372AD6BE5D005082DA /* LaunchScreen.storyboard */,
			);
			path = Storyboards;
			sourceTree = "<group>";
		};
		2AC387622AD6C358005082DA /* StartMenu */ = {
			isa = PBXGroup;
			children = (
				2AC387632AD6C37B005082DA /* StartMenuView.swift */,
			);
			path = StartMenu;
			sourceTree = "<group>";
		};
		2AC387652AD6CB98005082DA /* Helpers */ = {
			isa = PBXGroup;
			children = (
				2AC387692AD6D1E7005082DA /* Router */,
				2AC387662AD6CBB3005082DA /* Extensions */,
				2AC387792AD6FE1B005082DA /* GlobalConstants.swift */,
			);
			path = Helpers;
			sourceTree = "<group>";
		};
		2AC387662AD6CBB3005082DA /* Extensions */ = {
			isa = PBXGroup;
			children = (
				2AC387672AD6CBCB005082DA /* UIButtons+extensions.swift */,
				2AC3877B2AD703C9005082DA /* UIView+extensions.swift */,
				2A9CB6662AE8FB4E00F0B3C3 /* UserDefaults+extensions.swift */,
				2A9CB6D12AEAC69500F0B3C3 /* String+extensions.swift */,
			);
			path = Extensions;
			sourceTree = "<group>";
		};
		2AC387692AD6D1E7005082DA /* Router */ = {
			isa = PBXGroup;
			children = (
				2AC3876A2AD6D1FA005082DA /* Router.swift */,
				2AC3876C2AD6D2E9005082DA /* StartMenuRouter.swift */,
				2A9CB6172AD973B100F0B3C3 /* GameOverRouter.swift */,
				2A9CB6572AE65A8800F0B3C3 /* BackRouter.swift */,
			);
			path = Router;
			sourceTree = "<group>";
		};
		2AC387702AD6D934005082DA /* Road */ = {
			isa = PBXGroup;
			children = (
				2A9CB6192AD9753C00F0B3C3 /* Elements */,
				2AC387712AD6D93D005082DA /* RoadView.swift */,
			);
			path = Road;
			sourceTree = "<group>";
		};
		2AC6E1902AECE47D009866C4 /* Level */ = {
			isa = PBXGroup;
			children = (
				2AC6E1932AED071A009866C4 /* Levels */,
				2AC6E1912AECE4A8009866C4 /* BaseLevelModel.swift */,
				2AC6E19A2AED077B009866C4 /* LevelFactory.swift */,
			);
			path = Level;
			sourceTree = "<group>";
		};
		2AC6E1932AED071A009866C4 /* Levels */ = {
			isa = PBXGroup;
			children = (
				2AC6E1942AED0730009866C4 /* EasyLevelModel.swift */,
				2AC6E1962AED0745009866C4 /* NormalLevelModel.swift */,
				2AC6E1982AED075D009866C4 /* HardLevelModel.swift */,
			);
			path = Levels;
			sourceTree = "<group>";
		};
		2AC6E19C2AEEB1E0009866C4 /* Records */ = {
			isa = PBXGroup;
			children = (
				2AC6E19D2AEEB200009866C4 /* RecordsViewControllerDelegate.swift */,
			);
			path = Records;
			sourceTree = "<group>";
		};
		2AC6E19F2AF0085F009866C4 /* screenshots */ = {
			isa = PBXGroup;
			children = (
				2AC6E1A02AF00A12009866C4 /* StartScreen.png */,
				2AC6E1AA2AF00B3B009866C4 /* RaceScreen.png */,
				2AC6E1AC2AF00B68009866C4 /* RaceScreen(Game Over).png */,
				2AC6E1A22AF00A35009866C4 /* SettingsScreen1.png */,
				2AC6E1A42AF00A53009866C4 /* SettingsScreen2.png */,
				2AC6E1A82AF00AE0009866C4 /* SettingsScreen(Select Photo).png */,
				2AC6E1A62AF00A74009866C4 /* RecordsScreen(No records).png */,
				2AC6E1AE2AF00D36009866C4 /* RecordsScreen(Data).png */,
				2AC6E1B02AF00D5D009866C4 /* RecordsScreen(Delete Cell1).png */,
				2AC6E1B22AF00D86009866C4 /* RecordsScreen(Delete Cell2).png */,
			);
			path = screenshots;
			sourceTree = "<group>";
		};
/* End PBXGroup section */

/* Begin PBXNativeTarget section */
		2AC387282AD6BE5C005082DA /* mobile-racing-game-velocity-rush */ = {
			isa = PBXNativeTarget;
			buildConfigurationList = 2AC387532AD6BE5E005082DA /* Build configuration list for PBXNativeTarget "mobile-racing-game-velocity-rush" */;
			buildPhases = (
				2AC387252AD6BE5C005082DA /* Sources */,
				2AC387262AD6BE5C005082DA /* Frameworks */,
				2AC387272AD6BE5C005082DA /* Resources */,
			);
			buildRules = (
			);
			dependencies = (
			);
			name = "mobile-racing-game-velocity-rush";
			productName = "mobile-racing-game-velocity-rush";
			productReference = 2AC387292AD6BE5C005082DA /* mobile-racing-game-velocity-rush.app */;
			productType = "com.apple.product-type.application";
		};
		2AC3873E2AD6BE5E005082DA /* mobile-racing-game-velocity-rushTests */ = {
			isa = PBXNativeTarget;
			buildConfigurationList = 2AC387562AD6BE5E005082DA /* Build configuration list for PBXNativeTarget "mobile-racing-game-velocity-rushTests" */;
			buildPhases = (
				2AC3873B2AD6BE5E005082DA /* Sources */,
				2AC3873C2AD6BE5E005082DA /* Frameworks */,
				2AC3873D2AD6BE5E005082DA /* Resources */,
			);
			buildRules = (
			);
			dependencies = (
				2AC387412AD6BE5E005082DA /* PBXTargetDependency */,
			);
			name = "mobile-racing-game-velocity-rushTests";
			productName = "mobile-racing-game-velocity-rushTests";
			productReference = 2AC3873F2AD6BE5E005082DA /* mobile-racing-game-velocity-rushTests.xctest */;
			productType = "com.apple.product-type.bundle.unit-test";
		};
		2AC387482AD6BE5E005082DA /* mobile-racing-game-velocity-rushUITests */ = {
			isa = PBXNativeTarget;
			buildConfigurationList = 2AC387592AD6BE5E005082DA /* Build configuration list for PBXNativeTarget "mobile-racing-game-velocity-rushUITests" */;
			buildPhases = (
				2AC387452AD6BE5E005082DA /* Sources */,
				2AC387462AD6BE5E005082DA /* Frameworks */,
				2AC387472AD6BE5E005082DA /* Resources */,
			);
			buildRules = (
			);
			dependencies = (
				2AC3874B2AD6BE5E005082DA /* PBXTargetDependency */,
			);
			name = "mobile-racing-game-velocity-rushUITests";
			productName = "mobile-racing-game-velocity-rushUITests";
			productReference = 2AC387492AD6BE5E005082DA /* mobile-racing-game-velocity-rushUITests.xctest */;
			productType = "com.apple.product-type.bundle.ui-testing";
		};
/* End PBXNativeTarget section */

/* Begin PBXProject section */
		2AC387212AD6BE5C005082DA /* Project object */ = {
			isa = PBXProject;
			attributes = {
				BuildIndependentTargetsInParallel = 1;
				LastSwiftUpdateCheck = 1430;
				LastUpgradeCheck = 1430;
				TargetAttributes = {
					2AC387282AD6BE5C005082DA = {
						CreatedOnToolsVersion = 14.3.1;
					};
					2AC3873E2AD6BE5E005082DA = {
						CreatedOnToolsVersion = 14.3.1;
						TestTargetID = 2AC387282AD6BE5C005082DA;
					};
					2AC387482AD6BE5E005082DA = {
						CreatedOnToolsVersion = 14.3.1;
						TestTargetID = 2AC387282AD6BE5C005082DA;
					};
				};
			};
			buildConfigurationList = 2AC387242AD6BE5C005082DA /* Build configuration list for PBXProject "mobile-racing-game-velocity-rush" */;
			compatibilityVersion = "Xcode 14.0";
			developmentRegion = en;
			hasScannedForEncodings = 0;
			knownRegions = (
				en,
				Base,
				ru,
			);
			mainGroup = 2AC387202AD6BE5C005082DA;
			productRefGroup = 2AC3872A2AD6BE5C005082DA /* Products */;
			projectDirPath = "";
			projectRoot = "";
			targets = (
				2AC387282AD6BE5C005082DA /* mobile-racing-game-velocity-rush */,
				2AC3873E2AD6BE5E005082DA /* mobile-racing-game-velocity-rushTests */,
				2AC387482AD6BE5E005082DA /* mobile-racing-game-velocity-rushUITests */,
			);
		};
/* End PBXProject section */

/* Begin PBXResourcesBuildPhase section */
		2AC387272AD6BE5C005082DA /* Resources */ = {
			isa = PBXResourcesBuildPhase;
			buildActionMask = 2147483647;
			files = (
				2AC6E1B12AF00D5D009866C4 /* RecordsScreen(Delete Cell1).png in Resources */,
				2AC6E1A72AF00A74009866C4 /* RecordsScreen(No records).png in Resources */,
				2AC6E1B32AF00D86009866C4 /* RecordsScreen(Delete Cell2).png in Resources */,
				2AC6E1A12AF00A12009866C4 /* StartScreen.png in Resources */,
				2AC6E1A92AF00AE0009866C4 /* SettingsScreen(Select Photo).png in Resources */,
				2AC6E1AB2AF00B3B009866C4 /* RaceScreen.png in Resources */,
				2AC6E1A52AF00A53009866C4 /* SettingsScreen2.png in Resources */,
				2AC387392AD6BE5D005082DA /* LaunchScreen.storyboard in Resources */,
				2AC6E1A32AF00A35009866C4 /* SettingsScreen1.png in Resources */,
				2A9CB6CB2AEAC55600F0B3C3 /* Localizable.strings in Resources */,
				2AC6E1AD2AF00B68009866C4 /* RaceScreen(Game Over).png in Resources */,
				2AC6E1AF2AF00D36009866C4 /* RecordsScreen(Data).png in Resources */,
				2AC387362AD6BE5D005082DA /* Assets.xcassets in Resources */,
				2AC387342AD6BE5C005082DA /* Main.storyboard in Resources */,
			);
			runOnlyForDeploymentPostprocessing = 0;
		};
		2AC3873D2AD6BE5E005082DA /* Resources */ = {
			isa = PBXResourcesBuildPhase;
			buildActionMask = 2147483647;
			files = (
			);
			runOnlyForDeploymentPostprocessing = 0;
		};
		2AC387472AD6BE5E005082DA /* Resources */ = {
			isa = PBXResourcesBuildPhase;
			buildActionMask = 2147483647;
			files = (
			);
			runOnlyForDeploymentPostprocessing = 0;
		};
/* End PBXResourcesBuildPhase section */

/* Begin PBXSourcesBuildPhase section */
		2AC387252AD6BE5C005082DA /* Sources */ = {
			isa = PBXSourcesBuildPhase;
			buildActionMask = 2147483647;
			files = (
				2A9CB6562AE6578200F0B3C3 /* BackButton.swift in Sources */,
				2A9CB5FF2AD7C83B00F0B3C3 /* AccelerometerControlView.swift in Sources */,
				2A9CB6832AE9876600F0B3C3 /* RecordsViewController.swift in Sources */,
				2A9CB6232AD9B1B400F0B3C3 /* SummerTreeHindranceView.swift in Sources */,
				2A03660D2AECDD9D007915AC /* RecordsOutputDelegate.swift in Sources */,
				2A9CB6492AE3AB8500F0B3C3 /* SettingsViewController.swift in Sources */,
				2AC6E19E2AEEB200009866C4 /* RecordsViewControllerDelegate.swift in Sources */,
				2A9CB6532AE405FE00F0B3C3 /* SliderSettingsView.swift in Sources */,
				2A9CB6582AE65A8800F0B3C3 /* BackRouter.swift in Sources */,
				2A9CB61D2AD99C5C00F0B3C3 /* HindranceFactory.swift in Sources */,
				2A9CB6182AD973B100F0B3C3 /* GameOverRouter.swift in Sources */,
				2A9CB5FB2AD7C53300F0B3C3 /* PlayerControlDelegate.swift in Sources */,
				2A9CB64C2AE3AD3F00F0B3C3 /* UserSettingsView.swift in Sources */,
				2A0366042AEC1FD2007915AC /* CounterPresenter.swift in Sources */,
				2A9CB6112AD969E500F0B3C3 /* PlayerControl.swift in Sources */,
				2AC6E1952AED0730009866C4 /* EasyLevelModel.swift in Sources */,
				2AC6E1B52AF26C98009866C4 /* RecordsInputDataDelegate.swift in Sources */,
				2A9CB61B2AD997B200F0B3C3 /* CounterModel.swift in Sources */,
				2A9CB6202AD9B07700F0B3C3 /* BaseHindranceView.swift in Sources */,
				2A9CB62B2ADA957600F0B3C3 /* WinterTreeHindranceView.swift in Sources */,
				2AC3877C2AD703C9005082DA /* UIView+extensions.swift in Sources */,
				2A9CB65A2AE663CC00F0B3C3 /* BackButtonDelegate.swift in Sources */,
				2A03660B2AECDD70007915AC /* CounterOutputDelegate.swift in Sources */,
				2A9CB6D22AEAC69500F0B3C3 /* String+extensions.swift in Sources */,
				2A9CB6692AE8FC5000F0B3C3 /* GameSettingsManager.swift in Sources */,
				2AC6E1992AED075D009866C4 /* HardLevelModel.swift in Sources */,
				2AC6E1B72AF26EC4009866C4 /* GameSettingsInputDataDelegate.swift in Sources */,
				2AC387312AD6BE5C005082DA /* ViewController.swift in Sources */,
				2A9CB65D2AE664A600F0B3C3 /* ControlsSliderSettingsView.swift in Sources */,
				2A9CB6132AD96BFC00F0B3C3 /* BaseControlView.swift in Sources */,
				2A9CB5FD2AD7C70D00F0B3C3 /* SwipesControlView.swift in Sources */,
				2A9CB6612AE666E900F0B3C3 /* HindrancesSliderSettingsView.swift in Sources */,
				2A9CB6272ADA940E00F0B3C3 /* AutumnTreeHindranceView.swift in Sources */,
				2A03660F2AECDDB2007915AC /* RecordsInputDelegate.swift in Sources */,
				2AC3876F2AD6D486005082DA /* ViewControllerDelegate.swift in Sources */,
				2AC3872D2AD6BE5C005082DA /* AppDelegate.swift in Sources */,
				2A9CB6632AE6671C00F0B3C3 /* CarColorsSliderSettingsView.swift in Sources */,
				2A9CB6252AD9BA4000F0B3C3 /* HindrancesView.swift in Sources */,
				2AC387642AD6C37B005082DA /* StartMenuView.swift in Sources */,
				2AC387782AD6FDD7005082DA /* EnemyCarsView.swift in Sources */,
				2AC6E19B2AED077B009866C4 /* LevelFactory.swift in Sources */,
				2A9CB64E2AE3CA9200F0B3C3 /* SettingsViewControllerDelegate.swift in Sources */,
				2AC3877A2AD6FE1B005082DA /* GlobalConstants.swift in Sources */,
				2A9CB65F2AE6652700F0B3C3 /* LevelsSliderSettingsView.swift in Sources */,
				2AC387742AD6DC1C005082DA /* WhiteDottedLinesView.swift in Sources */,
				2A9CB67B2AE95F7500F0B3C3 /* RecordModel.swift in Sources */,
				2A9CB6292ADA94CE00F0B3C3 /* SpringTreeHindranceView.swift in Sources */,
				2AC3876D2AD6D2E9005082DA /* StartMenuRouter.swift in Sources */,
				2AC387762AD6F9A5005082DA /* RaceViewController.swift in Sources */,
				2A9CB6672AE8FB4E00F0B3C3 /* UserDefaults+extensions.swift in Sources */,
				2A9CB6802AE964A000F0B3C3 /* RecordsManager.swift in Sources */,
				2A0366002AEC01B2007915AC /* GameSettingsPresenter.swift in Sources */,
				2A9CB6852AE9890E00F0B3C3 /* RecordTableViewCell.swift in Sources */,
				2AC387682AD6CBCB005082DA /* UIButtons+extensions.swift in Sources */,
				2A0366022AEC168B007915AC /* RecordsPresenter.swift in Sources */,
				2AC387802AD7BED3005082DA /* PlayerCarView.swift in Sources */,
				2AC3876B2AD6D1FA005082DA /* Router.swift in Sources */,
				2AC6E1922AECE4A8009866C4 /* BaseLevelModel.swift in Sources */,
				2A9CB6652AE8F9CA00F0B3C3 /* GameSettingsModel.swift in Sources */,
				2A0366132AECDDFD007915AC /* GameSettingsInputDelegate.swift in Sources */,
				2AC387722AD6D93D005082DA /* RoadView.swift in Sources */,
				2AC6E1972AED0745009866C4 /* NormalLevelModel.swift in Sources */,
				2A0366112AECDDE3007915AC /* GameSettingsOutputDelegate.swift in Sources */,
				2A9CB67D2AE9637400F0B3C3 /* DateManager.swift in Sources */,
				2A0366062AEC260A007915AC /* ControlFactory.swift in Sources */,
				2A9CB5F92AD7C41800F0B3C3 /* ButtonsControlView.swift in Sources */,
				2A9CB6512AE3D0FB00F0B3C3 /* UserModel.swift in Sources */,
				2AC3872F2AD6BE5C005082DA /* SceneDelegate.swift in Sources */,
			);
			runOnlyForDeploymentPostprocessing = 0;
		};
		2AC3873B2AD6BE5E005082DA /* Sources */ = {
			isa = PBXSourcesBuildPhase;
			buildActionMask = 2147483647;
			files = (
				2AC387442AD6BE5E005082DA /* mobile_racing_game_velocity_rushTests.swift in Sources */,
			);
			runOnlyForDeploymentPostprocessing = 0;
		};
		2AC387452AD6BE5E005082DA /* Sources */ = {
			isa = PBXSourcesBuildPhase;
			buildActionMask = 2147483647;
			files = (
				2AC3874E2AD6BE5E005082DA /* mobile_racing_game_velocity_rushUITests.swift in Sources */,
				2AC387502AD6BE5E005082DA /* mobile_racing_game_velocity_rushUITestsLaunchTests.swift in Sources */,
			);
			runOnlyForDeploymentPostprocessing = 0;
		};
/* End PBXSourcesBuildPhase section */

/* Begin PBXTargetDependency section */
		2AC387412AD6BE5E005082DA /* PBXTargetDependency */ = {
			isa = PBXTargetDependency;
			target = 2AC387282AD6BE5C005082DA /* mobile-racing-game-velocity-rush */;
			targetProxy = 2AC387402AD6BE5E005082DA /* PBXContainerItemProxy */;
		};
		2AC3874B2AD6BE5E005082DA /* PBXTargetDependency */ = {
			isa = PBXTargetDependency;
			target = 2AC387282AD6BE5C005082DA /* mobile-racing-game-velocity-rush */;
			targetProxy = 2AC3874A2AD6BE5E005082DA /* PBXContainerItemProxy */;
		};
/* End PBXTargetDependency section */

/* Begin PBXVariantGroup section */
		2A9CB6CD2AEAC55600F0B3C3 /* Localizable.strings */ = {
			isa = PBXVariantGroup;
			children = (
				2A9CB6CC2AEAC55600F0B3C3 /* en */,
				2A9CB6D02AEAC56900F0B3C3 /* ru */,
			);
			name = Localizable.strings;
			sourceTree = "<group>";
		};
		2AC387322AD6BE5C005082DA /* Main.storyboard */ = {
			isa = PBXVariantGroup;
			children = (
				2AC387332AD6BE5C005082DA /* Base */,
				2A9CB6CE2AEAC56900F0B3C3 /* ru */,
			);
			name = Main.storyboard;
			sourceTree = "<group>";
		};
		2AC387372AD6BE5D005082DA /* LaunchScreen.storyboard */ = {
			isa = PBXVariantGroup;
			children = (
				2AC387382AD6BE5D005082DA /* Base */,
				2A9CB6CF2AEAC56900F0B3C3 /* ru */,
			);
			name = LaunchScreen.storyboard;
			sourceTree = "<group>";
		};
/* End PBXVariantGroup section */

/* Begin XCBuildConfiguration section */
		2AC387512AD6BE5E005082DA /* Debug */ = {
			isa = XCBuildConfiguration;
			buildSettings = {
				ALWAYS_SEARCH_USER_PATHS = NO;
				CLANG_ANALYZER_LOCALIZABILITY_NONLOCALIZED = YES;
				CLANG_ANALYZER_NONNULL = YES;
				CLANG_ANALYZER_NUMBER_OBJECT_CONVERSION = YES_AGGRESSIVE;
				CLANG_CXX_LANGUAGE_STANDARD = "gnu++20";
				CLANG_ENABLE_MODULES = YES;
				CLANG_ENABLE_OBJC_ARC = YES;
				CLANG_ENABLE_OBJC_WEAK = YES;
				CLANG_WARN_BLOCK_CAPTURE_AUTORELEASING = YES;
				CLANG_WARN_BOOL_CONVERSION = YES;
				CLANG_WARN_COMMA = YES;
				CLANG_WARN_CONSTANT_CONVERSION = YES;
				CLANG_WARN_DEPRECATED_OBJC_IMPLEMENTATIONS = YES;
				CLANG_WARN_DIRECT_OBJC_ISA_USAGE = YES_ERROR;
				CLANG_WARN_DOCUMENTATION_COMMENTS = YES;
				CLANG_WARN_EMPTY_BODY = YES;
				CLANG_WARN_ENUM_CONVERSION = YES;
				CLANG_WARN_INFINITE_RECURSION = YES;
				CLANG_WARN_INT_CONVERSION = YES;
				CLANG_WARN_NON_LITERAL_NULL_CONVERSION = YES;
				CLANG_WARN_OBJC_IMPLICIT_RETAIN_SELF = YES;
				CLANG_WARN_OBJC_LITERAL_CONVERSION = YES;
				CLANG_WARN_OBJC_ROOT_CLASS = YES_ERROR;
				CLANG_WARN_QUOTED_INCLUDE_IN_FRAMEWORK_HEADER = YES;
				CLANG_WARN_RANGE_LOOP_ANALYSIS = YES;
				CLANG_WARN_STRICT_PROTOTYPES = YES;
				CLANG_WARN_SUSPICIOUS_MOVE = YES;
				CLANG_WARN_UNGUARDED_AVAILABILITY = YES_AGGRESSIVE;
				CLANG_WARN_UNREACHABLE_CODE = YES;
				CLANG_WARN__DUPLICATE_METHOD_MATCH = YES;
				COPY_PHASE_STRIP = NO;
				DEBUG_INFORMATION_FORMAT = dwarf;
				ENABLE_STRICT_OBJC_MSGSEND = YES;
				ENABLE_TESTABILITY = YES;
				GCC_C_LANGUAGE_STANDARD = gnu11;
				GCC_DYNAMIC_NO_PIC = NO;
				GCC_NO_COMMON_BLOCKS = YES;
				GCC_OPTIMIZATION_LEVEL = 0;
				GCC_PREPROCESSOR_DEFINITIONS = (
					"DEBUG=1",
					"$(inherited)",
				);
				GCC_WARN_64_TO_32_BIT_CONVERSION = YES;
				GCC_WARN_ABOUT_RETURN_TYPE = YES_ERROR;
				GCC_WARN_UNDECLARED_SELECTOR = YES;
				GCC_WARN_UNINITIALIZED_AUTOS = YES_AGGRESSIVE;
				GCC_WARN_UNUSED_FUNCTION = YES;
				GCC_WARN_UNUSED_VARIABLE = YES;
				IPHONEOS_DEPLOYMENT_TARGET = 16.4;
				MTL_ENABLE_DEBUG_INFO = INCLUDE_SOURCE;
				MTL_FAST_MATH = YES;
				ONLY_ACTIVE_ARCH = YES;
				SDKROOT = iphoneos;
				SWIFT_ACTIVE_COMPILATION_CONDITIONS = DEBUG;
				SWIFT_OPTIMIZATION_LEVEL = "-Onone";
			};
			name = Debug;
		};
		2AC387522AD6BE5E005082DA /* Release */ = {
			isa = XCBuildConfiguration;
			buildSettings = {
				ALWAYS_SEARCH_USER_PATHS = NO;
				CLANG_ANALYZER_LOCALIZABILITY_NONLOCALIZED = YES;
				CLANG_ANALYZER_NONNULL = YES;
				CLANG_ANALYZER_NUMBER_OBJECT_CONVERSION = YES_AGGRESSIVE;
				CLANG_CXX_LANGUAGE_STANDARD = "gnu++20";
				CLANG_ENABLE_MODULES = YES;
				CLANG_ENABLE_OBJC_ARC = YES;
				CLANG_ENABLE_OBJC_WEAK = YES;
				CLANG_WARN_BLOCK_CAPTURE_AUTORELEASING = YES;
				CLANG_WARN_BOOL_CONVERSION = YES;
				CLANG_WARN_COMMA = YES;
				CLANG_WARN_CONSTANT_CONVERSION = YES;
				CLANG_WARN_DEPRECATED_OBJC_IMPLEMENTATIONS = YES;
				CLANG_WARN_DIRECT_OBJC_ISA_USAGE = YES_ERROR;
				CLANG_WARN_DOCUMENTATION_COMMENTS = YES;
				CLANG_WARN_EMPTY_BODY = YES;
				CLANG_WARN_ENUM_CONVERSION = YES;
				CLANG_WARN_INFINITE_RECURSION = YES;
				CLANG_WARN_INT_CONVERSION = YES;
				CLANG_WARN_NON_LITERAL_NULL_CONVERSION = YES;
				CLANG_WARN_OBJC_IMPLICIT_RETAIN_SELF = YES;
				CLANG_WARN_OBJC_LITERAL_CONVERSION = YES;
				CLANG_WARN_OBJC_ROOT_CLASS = YES_ERROR;
				CLANG_WARN_QUOTED_INCLUDE_IN_FRAMEWORK_HEADER = YES;
				CLANG_WARN_RANGE_LOOP_ANALYSIS = YES;
				CLANG_WARN_STRICT_PROTOTYPES = YES;
				CLANG_WARN_SUSPICIOUS_MOVE = YES;
				CLANG_WARN_UNGUARDED_AVAILABILITY = YES_AGGRESSIVE;
				CLANG_WARN_UNREACHABLE_CODE = YES;
				CLANG_WARN__DUPLICATE_METHOD_MATCH = YES;
				COPY_PHASE_STRIP = NO;
				DEBUG_INFORMATION_FORMAT = "dwarf-with-dsym";
				ENABLE_NS_ASSERTIONS = NO;
				ENABLE_STRICT_OBJC_MSGSEND = YES;
				GCC_C_LANGUAGE_STANDARD = gnu11;
				GCC_NO_COMMON_BLOCKS = YES;
				GCC_WARN_64_TO_32_BIT_CONVERSION = YES;
				GCC_WARN_ABOUT_RETURN_TYPE = YES_ERROR;
				GCC_WARN_UNDECLARED_SELECTOR = YES;
				GCC_WARN_UNINITIALIZED_AUTOS = YES_AGGRESSIVE;
				GCC_WARN_UNUSED_FUNCTION = YES;
				GCC_WARN_UNUSED_VARIABLE = YES;
				IPHONEOS_DEPLOYMENT_TARGET = 16.4;
				MTL_ENABLE_DEBUG_INFO = NO;
				MTL_FAST_MATH = YES;
				SDKROOT = iphoneos;
				SWIFT_COMPILATION_MODE = wholemodule;
				SWIFT_OPTIMIZATION_LEVEL = "-O";
				VALIDATE_PRODUCT = YES;
			};
			name = Release;
		};
		2AC387542AD6BE5E005082DA /* Debug */ = {
			isa = XCBuildConfiguration;
			buildSettings = {
				ASSETCATALOG_COMPILER_APPICON_NAME = AppIcon;
				ASSETCATALOG_COMPILER_GLOBAL_ACCENT_COLOR_NAME = AccentColor;
				CODE_SIGN_STYLE = Automatic;
				CURRENT_PROJECT_VERSION = 1;
				DEVELOPMENT_TEAM = RJQ8UQR22D;
				GENERATE_INFOPLIST_FILE = YES;
				INFOPLIST_FILE = "mobile-racing-game-velocity-rush/Info.plist";
				INFOPLIST_KEY_UIApplicationSupportsIndirectInputEvents = YES;
				INFOPLIST_KEY_UILaunchStoryboardName = LaunchScreen;
				INFOPLIST_KEY_UIMainStoryboardFile = Main;
				INFOPLIST_KEY_UISupportedInterfaceOrientations = UIInterfaceOrientationPortrait;
				INFOPLIST_KEY_UISupportedInterfaceOrientations_iPad = "UIInterfaceOrientationLandscapeLeft UIInterfaceOrientationLandscapeRight UIInterfaceOrientationPortraitUpsideDown";
				IPHONEOS_DEPLOYMENT_TARGET = 15.0;
				LD_RUNPATH_SEARCH_PATHS = (
					"$(inherited)",
					"@executable_path/Frameworks",
				);
				MARKETING_VERSION = 1.0;
				PRODUCT_BUNDLE_IDENTIFIER = "com.iveram.mobile-racing-game-velocity-rush";
				PRODUCT_NAME = "$(TARGET_NAME)";
				SUPPORTED_PLATFORMS = "iphoneos iphonesimulator";
				SUPPORTS_MACCATALYST = NO;
				SUPPORTS_MAC_DESIGNED_FOR_IPHONE_IPAD = NO;
				SWIFT_EMIT_LOC_STRINGS = YES;
				SWIFT_VERSION = 5.0;
				TARGETED_DEVICE_FAMILY = 1;
			};
			name = Debug;
		};
		2AC387552AD6BE5E005082DA /* Release */ = {
			isa = XCBuildConfiguration;
			buildSettings = {
				ASSETCATALOG_COMPILER_APPICON_NAME = AppIcon;
				ASSETCATALOG_COMPILER_GLOBAL_ACCENT_COLOR_NAME = AccentColor;
				CODE_SIGN_STYLE = Automatic;
				CURRENT_PROJECT_VERSION = 1;
				DEVELOPMENT_TEAM = RJQ8UQR22D;
				GENERATE_INFOPLIST_FILE = YES;
				INFOPLIST_FILE = "mobile-racing-game-velocity-rush/Info.plist";
				INFOPLIST_KEY_UIApplicationSupportsIndirectInputEvents = YES;
				INFOPLIST_KEY_UILaunchStoryboardName = LaunchScreen;
				INFOPLIST_KEY_UIMainStoryboardFile = Main;
				INFOPLIST_KEY_UISupportedInterfaceOrientations = UIInterfaceOrientationPortrait;
				INFOPLIST_KEY_UISupportedInterfaceOrientations_iPad = "UIInterfaceOrientationLandscapeLeft UIInterfaceOrientationLandscapeRight UIInterfaceOrientationPortraitUpsideDown";
				IPHONEOS_DEPLOYMENT_TARGET = 15.0;
				LD_RUNPATH_SEARCH_PATHS = (
					"$(inherited)",
					"@executable_path/Frameworks",
				);
				MARKETING_VERSION = 1.0;
				PRODUCT_BUNDLE_IDENTIFIER = "com.iveram.mobile-racing-game-velocity-rush";
				PRODUCT_NAME = "$(TARGET_NAME)";
				SUPPORTED_PLATFORMS = "iphoneos iphonesimulator";
				SUPPORTS_MACCATALYST = NO;
				SUPPORTS_MAC_DESIGNED_FOR_IPHONE_IPAD = NO;
				SWIFT_EMIT_LOC_STRINGS = YES;
				SWIFT_VERSION = 5.0;
				TARGETED_DEVICE_FAMILY = 1;
			};
			name = Release;
		};
		2AC387572AD6BE5E005082DA /* Debug */ = {
			isa = XCBuildConfiguration;
			buildSettings = {
				ALWAYS_EMBED_SWIFT_STANDARD_LIBRARIES = YES;
				BUNDLE_LOADER = "$(TEST_HOST)";
				CODE_SIGN_STYLE = Automatic;
				CURRENT_PROJECT_VERSION = 1;
				DEVELOPMENT_TEAM = RJQ8UQR22D;
				GENERATE_INFOPLIST_FILE = YES;
				IPHONEOS_DEPLOYMENT_TARGET = 16.4;
				MARKETING_VERSION = 1.0;
				PRODUCT_BUNDLE_IDENTIFIER = "com.iveram.mobile-racing-game-velocity-rushTests";
				PRODUCT_NAME = "$(TARGET_NAME)";
				SWIFT_EMIT_LOC_STRINGS = NO;
				SWIFT_VERSION = 5.0;
				TARGETED_DEVICE_FAMILY = "1,2";
				TEST_HOST = "$(BUILT_PRODUCTS_DIR)/mobile-racing-game-velocity-rush.app/$(BUNDLE_EXECUTABLE_FOLDER_PATH)/mobile-racing-game-velocity-rush";
			};
			name = Debug;
		};
		2AC387582AD6BE5E005082DA /* Release */ = {
			isa = XCBuildConfiguration;
			buildSettings = {
				ALWAYS_EMBED_SWIFT_STANDARD_LIBRARIES = YES;
				BUNDLE_LOADER = "$(TEST_HOST)";
				CODE_SIGN_STYLE = Automatic;
				CURRENT_PROJECT_VERSION = 1;
				DEVELOPMENT_TEAM = RJQ8UQR22D;
				GENERATE_INFOPLIST_FILE = YES;
				IPHONEOS_DEPLOYMENT_TARGET = 16.4;
				MARKETING_VERSION = 1.0;
				PRODUCT_BUNDLE_IDENTIFIER = "com.iveram.mobile-racing-game-velocity-rushTests";
				PRODUCT_NAME = "$(TARGET_NAME)";
				SWIFT_EMIT_LOC_STRINGS = NO;
				SWIFT_VERSION = 5.0;
				TARGETED_DEVICE_FAMILY = "1,2";
				TEST_HOST = "$(BUILT_PRODUCTS_DIR)/mobile-racing-game-velocity-rush.app/$(BUNDLE_EXECUTABLE_FOLDER_PATH)/mobile-racing-game-velocity-rush";
			};
			name = Release;
		};
		2AC3875A2AD6BE5E005082DA /* Debug */ = {
			isa = XCBuildConfiguration;
			buildSettings = {
				ALWAYS_EMBED_SWIFT_STANDARD_LIBRARIES = YES;
				CODE_SIGN_STYLE = Automatic;
				CURRENT_PROJECT_VERSION = 1;
				DEVELOPMENT_TEAM = RJQ8UQR22D;
				GENERATE_INFOPLIST_FILE = YES;
				MARKETING_VERSION = 1.0;
				PRODUCT_BUNDLE_IDENTIFIER = "com.iveram.mobile-racing-game-velocity-rushUITests";
				PRODUCT_NAME = "$(TARGET_NAME)";
				SWIFT_EMIT_LOC_STRINGS = NO;
				SWIFT_VERSION = 5.0;
				TARGETED_DEVICE_FAMILY = "1,2";
				TEST_TARGET_NAME = "mobile-racing-game-velocity-rush";
			};
			name = Debug;
		};
		2AC3875B2AD6BE5E005082DA /* Release */ = {
			isa = XCBuildConfiguration;
			buildSettings = {
				ALWAYS_EMBED_SWIFT_STANDARD_LIBRARIES = YES;
				CODE_SIGN_STYLE = Automatic;
				CURRENT_PROJECT_VERSION = 1;
				DEVELOPMENT_TEAM = RJQ8UQR22D;
				GENERATE_INFOPLIST_FILE = YES;
				MARKETING_VERSION = 1.0;
				PRODUCT_BUNDLE_IDENTIFIER = "com.iveram.mobile-racing-game-velocity-rushUITests";
				PRODUCT_NAME = "$(TARGET_NAME)";
				SWIFT_EMIT_LOC_STRINGS = NO;
				SWIFT_VERSION = 5.0;
				TARGETED_DEVICE_FAMILY = "1,2";
				TEST_TARGET_NAME = "mobile-racing-game-velocity-rush";
			};
			name = Release;
		};
/* End XCBuildConfiguration section */

/* Begin XCConfigurationList section */
		2AC387242AD6BE5C005082DA /* Build configuration list for PBXProject "mobile-racing-game-velocity-rush" */ = {
			isa = XCConfigurationList;
			buildConfigurations = (
				2AC387512AD6BE5E005082DA /* Debug */,
				2AC387522AD6BE5E005082DA /* Release */,
			);
			defaultConfigurationIsVisible = 0;
			defaultConfigurationName = Release;
		};
		2AC387532AD6BE5E005082DA /* Build configuration list for PBXNativeTarget "mobile-racing-game-velocity-rush" */ = {
			isa = XCConfigurationList;
			buildConfigurations = (
				2AC387542AD6BE5E005082DA /* Debug */,
				2AC387552AD6BE5E005082DA /* Release */,
			);
			defaultConfigurationIsVisible = 0;
			defaultConfigurationName = Release;
		};
		2AC387562AD6BE5E005082DA /* Build configuration list for PBXNativeTarget "mobile-racing-game-velocity-rushTests" */ = {
			isa = XCConfigurationList;
			buildConfigurations = (
				2AC387572AD6BE5E005082DA /* Debug */,
				2AC387582AD6BE5E005082DA /* Release */,
			);
			defaultConfigurationIsVisible = 0;
			defaultConfigurationName = Release;
		};
		2AC387592AD6BE5E005082DA /* Build configuration list for PBXNativeTarget "mobile-racing-game-velocity-rushUITests" */ = {
			isa = XCConfigurationList;
			buildConfigurations = (
				2AC3875A2AD6BE5E005082DA /* Debug */,
				2AC3875B2AD6BE5E005082DA /* Release */,
			);
			defaultConfigurationIsVisible = 0;
			defaultConfigurationName = Release;
		};
/* End XCConfigurationList section */
	};
	rootObject = 2AC387212AD6BE5C005082DA /* Project object */;
}
